
Microsoft Visual Studio Solution File, Format Version 12.00
# Visual Studio Version 16
VisualStudioVersion = 16.0.31205.134
MinimumVisualStudioVersion = 10.0.40219.1
Project("{8BC9CEB8-8B4A-11D0-8D11-00A0C91BC942}") = "Snake", "Snake\Snake.vcxproj", "{4F2E8994-A638-40CB-AE4F-94B24FA4BDAB}"
EndProject
Global
	GlobalSection(SolutionConfigurationPlatforms) = preSolution
		Debug|x64 = Debug|x64
		Debug|x86 = Debug|x86
		Release|x64 = Release|x64
		Release|x86 = Release|x86
	EndGlobalSection
	GlobalSection(ProjectConfigurationPlatforms) = postSolution
		{4F2E8994-A638-40CB-AE4F-94B24FA4BDAB}.Debug|x64.ActiveCfg = Debug|x64
		{4F2E8994-A638-40CB-AE4F-94B24FA4BDAB}.Debug|x64.Build.0 = Debug|x64
		{4F2E8994-A638-40CB-AE4F-94B24FA4BDAB}.Debug|x86.ActiveCfg = Debug|Win32
		{4F2E8994-A638-40CB-AE4F-94B24FA4BDAB}.Debug|x86.Build.0 = Debug|Win32
		{4F2E8994-A638-40CB-AE4F-94B24FA4BDAB}.Release|x64.ActiveCfg = Release|x64
		{4F2E8994-A638-40CB-AE4F-94B24FA4BDAB}.Release|x64.Build.0 = Release|x64
		{4F2E8994-A638-40CB-AE4F-94B24FA4BDAB}.Release|x86.ActiveCfg = Release|Win32
		{4F2E8994-A638-40CB-AE4F-94B24FA4BDAB}.Release|x86.Build.0 = Release|Win32
	EndGlobalSection
	GlobalSection(SolutionProperties) = preSolution
		HideSolutionNode = FALSE
	EndGlobalSection
	GlobalSection(ExtensibilityGlobals) = postSolution
		SolutionGuid = {92FA229D-6461-454D-A223-0FEBA9B5919F}
	EndGlobalSection
EndGlobal
